
Microsoft Visual Studio Solution File, Format Version 12.00
# Visual Studio Version 17
VisualStudioVersion = 17.14.36327.8 d17.14
MinimumVisualStudioVersion = 10.0.40219.1
Project("{FAE04EC0-301F-11D3-BF4B-00C04F79EFBC}") = "MiAPI", "MiAPI.csproj", "{B40BFFC9-A536-41AF-AEEE-B2CC0A9BF9F3}"
EndProject
Global
	GlobalSection(SolutionConfigurationPlatforms) = preSolution
		Debug|Any CPU = Debug|Any CPU
		Release|Any CPU = Release|Any CPU
	EndGlobalSection
	GlobalSection(ProjectConfigurationPlatforms) = postSolution
		{B40BFFC9-A536-41AF-AEEE-B2CC0A9BF9F3}.Debug|Any CPU.ActiveCfg = Debug|Any CPU
		{B40BFFC9-A536-41AF-AEEE-B2CC0A9BF9F3}.Debug|Any CPU.Build.0 = Debug|Any CPU
		{B40BFFC9-A536-41AF-AEEE-B2CC0A9BF9F3}.Release|Any CPU.ActiveCfg = Release|Any CPU
		{B40BFFC9-A536-41AF-AEEE-B2CC0A9BF9F3}.Release|Any CPU.Build.0 = Release|Any CPU
	EndGlobalSection
	GlobalSection(SolutionProperties) = preSolution
		HideSolutionNode = FALSE
	EndGlobalSection
	GlobalSection(ExtensibilityGlobals) = postSolution
		SolutionGuid = {96959699-0587-4308-BB22-8FA84CE30734}
	EndGlobalSection
EndGlobal
